{
    "_readme": [
        "This file locks the dependencies of your project to a known state",
        "Read more about it at https://getcomposer.org/doc/01-basic-usage.md#composer-lock-the-lock-file",
        "This file is @generated automatically"
    ],
    "hash": "4b8dd5793c277629d20faf62a8a7d77e",
    "packages": [
        {
            "name": "aura/router",
            "version": "3.x-dev",
            "source": {
                "type": "git",
                "url": "https://github.com/auraphp/Aura.Router.git",
                "reference": "e7c3ad7c9b5d393de962a5526cd0b0a66b3fd1d5"
            },
            "dist": {
                "type": "zip",
                "url": "https://api.github.com/repos/auraphp/Aura.Router/zipball/e7c3ad7c9b5d393de962a5526cd0b0a66b3fd1d5",
                "reference": "e7c3ad7c9b5d393de962a5526cd0b0a66b3fd1d5",
                "shasum": ""
            },
            "require": {
                "php": ">=5.5.0",
                "psr/http-message": "~1.0",
                "psr/log": "~1.0"
            },
            "require-dev": {
                "zendframework/zend-diactoros": "~1.0"
            },
            "type": "library",
            "autoload": {
                "psr-4": {
                    "Aura\\Router\\": "src/"
                }
            },
            "notification-url": "https://packagist.org/downloads/",
            "license": [
                "MIT"
            ],
            "authors": [
                {
                    "name": "Aura.Router Contributors",
                    "homepage": "https://github.com/auraphp/Aura.Router/contributors"
                }
            ],
            "description": "Powerful, flexible web routing for PSR-7 requests.",
            "homepage": "https://github.com/auraphp/Aura.Router",
            "keywords": [
                "psr-7",
                "route",
                "router",
                "routing"
            ],
            "time": "2015-05-25 14:56:55"
        },
        {
            "name": "katzgrau/klogger",
            "version": "dev-master",
            "source": {
                "type": "git",
                "url": "https://github.com/katzgrau/KLogger.git",
                "reference": "609527e67b455aa17cdb4e869fb6d04c84c35814"
            },
            "dist": {
                "type": "zip",
                "url": "https://api.github.com/repos/katzgrau/KLogger/zipball/609527e67b455aa17cdb4e869fb6d04c84c35814",
                "reference": "609527e67b455aa17cdb4e869fb6d04c84c35814",
                "shasum": ""
            },
            "require": {
                "php": ">=5.3",
                "psr/log": "1.0.0"
            },
            "require-dev": {
                "phpunit/phpunit": "4.0.*"
            },
            "type": "library",
            "autoload": {
                "psr-4": {
                    "Katzgrau\\KLogger\\": "src/"
                },
                "classmap": [
                    "src/"
                ]
            },
            "notification-url": "https://packagist.org/downloads/",
            "license": [
                "MIT"
            ],
            "authors": [
                {
                    "name": "Kenny Katzgrau",
                    "email": "katzgrau@gmail.com"
                },
                {
                    "name": "Dan Horrigan",
                    "email": "dan@dhorrigan.com"
                }
            ],
            "description": "A Simple Logging Class",
            "keywords": [
                "logging"
            ],
            "time": "2015-04-14 14:38:19"
        },
        {
            "name": "psr/http-message",
            "version": "1.0",
            "source": {
                "type": "git",
                "url": "https://github.com/php-fig/http-message.git",
                "reference": "85d63699f0dbedb190bbd4b0d2b9dc707ea4c298"
            },
            "dist": {
                "type": "zip",
                "url": "https://api.github.com/repos/php-fig/http-message/zipball/85d63699f0dbedb190bbd4b0d2b9dc707ea4c298",
                "reference": "85d63699f0dbedb190bbd4b0d2b9dc707ea4c298",
                "shasum": ""
            },
            "require": {
                "php": ">=5.3.0"
            },
            "type": "library",
            "extra": {
                "branch-alias": {
                    "dev-master": "1.0.x-dev"
                }
            },
            "autoload": {
                "psr-4": {
                    "Psr\\Http\\Message\\": "src/"
                }
            },
            "notification-url": "https://packagist.org/downloads/",
            "license": [
                "MIT"
            ],
            "authors": [
                {
                    "name": "PHP-FIG",
                    "homepage": "http://www.php-fig.org/"
                }
            ],
            "description": "Common interface for HTTP messages",
            "keywords": [
                "http",
                "http-message",
                "psr",
                "psr-7",
                "request",
                "response"
            ],
            "time": "2015-05-04 20:22:00"
        },
        {
            "name": "psr/log",
            "version": "1.0.0",
            "source": {
                "type": "git",
                "url": "https://github.com/php-fig/log.git",
                "reference": "fe0936ee26643249e916849d48e3a51d5f5e278b"
            },
            "dist": {
                "type": "zip",
                "url": "https://api.github.com/repos/php-fig/log/zipball/fe0936ee26643249e916849d48e3a51d5f5e278b",
                "reference": "fe0936ee26643249e916849d48e3a51d5f5e278b",
                "shasum": ""
            },
            "type": "library",
            "autoload": {
                "psr-0": {
                    "Psr\\Log\\": ""
                }
            },
            "notification-url": "https://packagist.org/downloads/",
            "license": [
                "MIT"
            ],
            "authors": [
                {
                    "name": "PHP-FIG",
                    "homepage": "http://www.php-fig.org/"
                }
            ],
            "description": "Common interface for logging libraries",
            "keywords": [
                "log",
                "psr",
                "psr-3"
            ],
            "time": "2012-12-21 11:40:51"
        },
        {
            "name": "sugiphp/cache",
            "version": "1.0.0",
            "source": {
                "type": "git",
                "url": "https://github.com/SugiPHP/Cache.git",
                "reference": "754763be54863cf19091088dfb35bd82ff323269"
            },
            "dist": {
                "type": "zip",
                "url": "https://api.github.com/repos/SugiPHP/Cache/zipball/754763be54863cf19091088dfb35bd82ff323269",
                "reference": "754763be54863cf19091088dfb35bd82ff323269",
                "shasum": ""
            },
            "require": {
                "php": ">=5.3"
            },
            "type": "library",
            "autoload": {
                "psr-4": {
                    "SugiPHP\\Cache\\": ""
                }
            },
            "notification-url": "https://packagist.org/downloads/",
            "license": [
                "MIT"
            ],
            "authors": [
                {
                    "name": "Plamen Popov",
                    "email": "tzappa@gmail.com"
                }
            ],
            "description": "SugiPHP Cache Component",
            "keywords": [
                "apc",
                "cache",
                "memcache",
                "sugiphp"
            ],
            "time": "2014-12-16 09:46:39"
        },
        {
            "name": "sugiphp/config",
            "version": "1.0.0",
            "source": {
                "type": "git",
                "url": "https://github.com/SugiPHP/Config.git",
                "reference": "d3530f8dc9caae5eb4c5cd044a3c73e89582a93f"
            },
            "dist": {
                "type": "zip",
                "url": "https://api.github.com/repos/SugiPHP/Config/zipball/d3530f8dc9caae5eb4c5cd044a3c73e89582a93f",
                "reference": "d3530f8dc9caae5eb4c5cd044a3c73e89582a93f",
                "shasum": ""
            },
            "require": {
                "php": ">=5.3"
            },
            "require-dev": {
                "symfony/yaml": "~2.2"
            },
            "suggest": {
                "symfony/yaml": "Symfony Yaml Component to use .yml config files"
            },
            "type": "library",
            "autoload": {
                "psr-4": {
                    "SugiPHP\\Config\\": ""
                }
            },
            "notification-url": "https://packagist.org/downloads/",
            "license": [
                "MIT"
            ],
            "authors": [
                {
                    "name": "Plamen Popov",
                    "email": "tzappa@gmail.com"
                }
            ],
            "description": "SugiPHP Config Component",
            "keywords": [
                "config",
                "configuration",
                "ini",
                "json",
                "php",
                "xml",
                "yaml"
            ],
            "time": "2014-12-16 12:51:21"
        },
        {
            "name": "sugiphp/container",
            "version": "1.0.1",
            "source": {
                "type": "git",
                "url": "https://github.com/SugiPHP/Container.git",
                "reference": "d3763f6adb8643fb35d6697d3980245732126909"
            },
            "dist": {
                "type": "zip",
                "url": "https://api.github.com/repos/SugiPHP/Container/zipball/d3763f6adb8643fb35d6697d3980245732126909",
                "reference": "d3763f6adb8643fb35d6697d3980245732126909",
                "shasum": ""
            },
            "require": {
                "php": ">=5.3"
            },
            "type": "library",
            "autoload": {
                "psr-4": {
                    "SugiPHP\\Container\\": ""
                }
            },
            "notification-url": "https://packagist.org/downloads/",
            "license": [
                "MIT"
            ],
            "authors": [
                {
                    "name": "Plamen Popov",
                    "email": "tzappa@gmail.com"
                }
            ],
            "description": "SugiPHP Container Component",
            "keywords": [
                "container"
            ],
            "time": "2015-02-04 15:23:11"
        },
        {
            "name": "sugiphp/events",
            "version": "1.0.0",
            "source": {
                "type": "git",
                "url": "https://github.com/SugiPHP/Events.git",
                "reference": "e19e1c4c8a94bfb0b36c250f81bcf934ca1a818c"
            },
            "dist": {
                "type": "zip",
                "url": "https://api.github.com/repos/SugiPHP/Events/zipball/e19e1c4c8a94bfb0b36c250f81bcf934ca1a818c",
                "reference": "e19e1c4c8a94bfb0b36c250f81bcf934ca1a818c",
                "shasum": ""
            },
            "require": {
                "php": ">=5.3"
            },
            "type": "library",
            "autoload": {
                "psr-4": {
                    "SugiPHP\\Events\\": ""
                }
            },
            "notification-url": "https://packagist.org/downloads/",
            "license": [
                "MIT"
            ],
            "authors": [
                {
                    "name": "Plamen Popov",
                    "email": "tzappa@gmail.com"
                }
            ],
            "description": "Observer design pattern-like events system",
            "keywords": [
                "dispatcher",
                "event",
                "observer"
            ],
            "time": "2014-12-16 13:21:04"
        },
        {
            "name": "zendframework/zend-diactoros",
            "version": "1.0.0",
            "source": {
                "type": "git",
                "url": "https://github.com/zendframework/zend-diactoros.git",
                "reference": "9fd285ecc32edfa015dd7cc91e18f6c1c07618a7"
            },
            "dist": {
                "type": "zip",
                "url": "https://api.github.com/repos/zendframework/zend-diactoros/zipball/9fd285ecc32edfa015dd7cc91e18f6c1c07618a7",
                "reference": "9fd285ecc32edfa015dd7cc91e18f6c1c07618a7",
                "shasum": ""
            },
            "require": {
                "php": ">=5.5",
                "psr/http-message": "~1.0"
            },
            "provide": {
                "psr/http-message-implementation": "~1.0.0"
            },
            "require-dev": {
                "phpunit/phpunit": "~4.6",
                "squizlabs/php_codesniffer": "~2.0"
            },
            "type": "library",
            "extra": {
                "branch-alias": {
                    "dev-master": "1.0-dev",
                    "dev-develop": "1.1-dev"
                }
            },
            "autoload": {
                "psr-4": {
                    "Zend\\Diactoros\\": "src/"
                }
            },
            "notification-url": "https://packagist.org/downloads/",
            "license": [
                "BSD-2-Clause"
            ],
            "description": "PSR HTTP Message implementations",
            "homepage": "https://github.com/zendframework/zend-diactoros",
            "keywords": [
                "http",
                "psr",
                "psr-7"
            ],
            "time": "2015-05-21 16:37:54"
        }
    ],
    "packages-dev": [],
    "aliases": [],
    "minimum-stability": "stable",
    "stability-flags": {
        "aura/router": 20,
        "katzgrau/klogger": 20
    },
    "prefer-stable": false,
    "prefer-lowest": false,
    "platform": {
        "php": ">=5.4"
    },
    "platform-dev": []
}
