{
    "_readme": [
        "This file locks the dependencies of your project to a known state",
        "Read more about it at http://getcomposer.org/doc/01-basic-usage.md#composer-lock-the-lock-file",
        "This file is @generated automatically"
    ],
    "hash": "6a26348f4b07edd295d81b78100d3202",
    "packages": [
        {
            "name": "phly/http",
            "version": "dev-master",
            "source": {
                "type": "git",
                "url": "https://github.com/phly/http.git",
                "reference": "b8ed4bee8be73e1fbcad83eaf315ceac0a8f8302"
            },
            "dist": {
                "type": "zip",
                "url": "https://api.github.com/repos/phly/http/zipball/b8ed4bee8be73e1fbcad83eaf315ceac0a8f8302",
                "reference": "b8ed4bee8be73e1fbcad83eaf315ceac0a8f8302",
                "shasum": ""
            },
            "require": {
                "php": ">=5.4.8",
                "psr/http-message": "^0.11"
            },
            "provide": {
                "psr/http-message-implementation": "^0.11"
            },
            "require-dev": {
                "phpunit/phpunit": "3.7.*",
                "squizlabs/php_codesniffer": "1.5.*"
            },
            "type": "library",
            "extra": {
                "branch-alias": {
                    "dev-master": "1.0-dev",
                    "dev-develop": "1.1-dev"
                }
            },
            "autoload": {
                "psr-4": {
                    "Phly\\Http\\": "src/"
                }
            },
            "notification-url": "https://packagist.org/downloads/",
            "license": [
                "BSD-2-Clause"
            ],
            "authors": [
                {
                    "name": "Matthew Weier O'Phinney",
                    "email": "matthew@weierophinney.net",
                    "homepage": "http://mwop.net"
                }
            ],
            "description": "PSR HTTP Message implementations",
            "homepage": "https://github.com/phly/http",
            "keywords": [
                "http"
            ],
            "time": "2015-05-17 15:56:21"
        },
        {
            "name": "psr/http-message",
            "version": "0.11.0",
            "source": {
                "type": "git",
                "url": "https://github.com/php-fig/http-message.git",
                "reference": "809419e498a388dfa7ef6898392431e5911a0289"
            },
            "dist": {
                "type": "zip",
                "url": "https://api.github.com/repos/php-fig/http-message/zipball/809419e498a388dfa7ef6898392431e5911a0289",
                "reference": "809419e498a388dfa7ef6898392431e5911a0289",
                "shasum": ""
            },
            "type": "library",
            "extra": {
                "branch-alias": {
                    "dev-master": "1.0.x-dev"
                }
            },
            "autoload": {
                "psr-4": {
                    "Psr\\Http\\Message\\": "src"
                }
            },
            "notification-url": "https://packagist.org/downloads/",
            "license": [
                "MIT"
            ],
            "authors": [
                {
                    "name": "PHP-FIG",
                    "homepage": "http://www.php-fig.org/"
                }
            ],
            "description": "Common interface for HTTP messages",
            "keywords": [
                "http",
                "http-message",
                "psr",
                "psr-7",
                "request",
                "response"
            ],
            "time": "2015-05-04 20:20:08"
        },
        {
            "name": "sugiphp/config",
            "version": "1.0.0",
            "source": {
                "type": "git",
                "url": "https://github.com/SugiPHP/Config.git",
                "reference": "d3530f8dc9caae5eb4c5cd044a3c73e89582a93f"
            },
            "dist": {
                "type": "zip",
                "url": "https://api.github.com/repos/SugiPHP/Config/zipball/d3530f8dc9caae5eb4c5cd044a3c73e89582a93f",
                "reference": "d3530f8dc9caae5eb4c5cd044a3c73e89582a93f",
                "shasum": ""
            },
            "require": {
                "php": ">=5.3"
            },
            "require-dev": {
                "symfony/yaml": "~2.2"
            },
            "suggest": {
                "symfony/yaml": "Symfony Yaml Component to use .yml config files"
            },
            "type": "library",
            "autoload": {
                "psr-4": {
                    "SugiPHP\\Config\\": ""
                }
            },
            "notification-url": "https://packagist.org/downloads/",
            "license": [
                "MIT"
            ],
            "authors": [
                {
                    "name": "Plamen Popov",
                    "email": "tzappa@gmail.com"
                }
            ],
            "description": "SugiPHP Config Component",
            "keywords": [
                "config",
                "configuration",
                "ini",
                "json",
                "php",
                "xml",
                "yaml"
            ],
            "time": "2014-12-16 12:51:21"
        },
        {
            "name": "sugiphp/container",
            "version": "1.0.1",
            "source": {
                "type": "git",
                "url": "https://github.com/SugiPHP/Container.git",
                "reference": "d3763f6adb8643fb35d6697d3980245732126909"
            },
            "dist": {
                "type": "zip",
                "url": "https://api.github.com/repos/SugiPHP/Container/zipball/d3763f6adb8643fb35d6697d3980245732126909",
                "reference": "d3763f6adb8643fb35d6697d3980245732126909",
                "shasum": ""
            },
            "require": {
                "php": ">=5.3"
            },
            "type": "library",
            "autoload": {
                "psr-4": {
                    "SugiPHP\\Container\\": ""
                }
            },
            "notification-url": "https://packagist.org/downloads/",
            "license": [
                "MIT"
            ],
            "authors": [
                {
                    "name": "Plamen Popov",
                    "email": "tzappa@gmail.com"
                }
            ],
            "description": "SugiPHP Container Component",
            "keywords": [
                "container"
            ],
            "time": "2015-02-04 15:23:11"
        }
    ],
    "packages-dev": [],
    "aliases": [],
    "minimum-stability": "stable",
    "stability-flags": {
        "phly/http": 20
    },
    "prefer-stable": false,
    "prefer-lowest": false,
    "platform": {
        "php": ">=5.4"
    },
    "platform-dev": []
}
