{
    "_readme": [
        "This file locks the dependencies of your project to a known state",
        "Read more about it at http://getcomposer.org/doc/01-basic-usage.md#composer-lock-the-lock-file",
        "This file is @generated automatically"
    ],
    "hash": "0154383ddcf93a794271ca07e29abfb3",
    "packages": [
        {
            "name": "sugiphp/cache",
            "version": "1.0.0",
            "source": {
                "type": "git",
                "url": "https://github.com/SugiPHP/Cache.git",
                "reference": "754763be54863cf19091088dfb35bd82ff323269"
            },
            "dist": {
                "type": "zip",
                "url": "https://api.github.com/repos/SugiPHP/Cache/zipball/754763be54863cf19091088dfb35bd82ff323269",
                "reference": "754763be54863cf19091088dfb35bd82ff323269",
                "shasum": ""
            },
            "require": {
                "php": ">=5.3"
            },
            "type": "library",
            "autoload": {
                "psr-4": {
                    "SugiPHP\\Cache\\": ""
                }
            },
            "notification-url": "https://packagist.org/downloads/",
            "license": [
                "MIT"
            ],
            "authors": [
                {
                    "name": "Plamen Popov",
                    "email": "tzappa@gmail.com"
                }
            ],
            "description": "SugiPHP Cache Component",
            "keywords": [
                "apc",
                "cache",
                "memcache",
                "sugiphp"
            ],
            "time": "2014-12-16 09:46:39"
        },
        {
            "name": "sugiphp/config",
            "version": "1.0.0",
            "source": {
                "type": "git",
                "url": "https://github.com/SugiPHP/Config.git",
                "reference": "d3530f8dc9caae5eb4c5cd044a3c73e89582a93f"
            },
            "dist": {
                "type": "zip",
                "url": "https://api.github.com/repos/SugiPHP/Config/zipball/d3530f8dc9caae5eb4c5cd044a3c73e89582a93f",
                "reference": "d3530f8dc9caae5eb4c5cd044a3c73e89582a93f",
                "shasum": ""
            },
            "require": {
                "php": ">=5.3"
            },
            "require-dev": {
                "symfony/yaml": "~2.2"
            },
            "suggest": {
                "symfony/yaml": "Symfony Yaml Component to use .yml config files"
            },
            "type": "library",
            "autoload": {
                "psr-4": {
                    "SugiPHP\\Config\\": ""
                }
            },
            "notification-url": "https://packagist.org/downloads/",
            "license": [
                "MIT"
            ],
            "authors": [
                {
                    "name": "Plamen Popov",
                    "email": "tzappa@gmail.com"
                }
            ],
            "description": "SugiPHP Config Component",
            "keywords": [
                "config",
                "configuration",
                "ini",
                "json",
                "php",
                "xml",
                "yaml"
            ],
            "time": "2014-12-16 12:51:21"
        },
        {
            "name": "sugiphp/container",
            "version": "1.0.1",
            "source": {
                "type": "git",
                "url": "https://github.com/SugiPHP/Container.git",
                "reference": "d3763f6adb8643fb35d6697d3980245732126909"
            },
            "dist": {
                "type": "zip",
                "url": "https://api.github.com/repos/SugiPHP/Container/zipball/d3763f6adb8643fb35d6697d3980245732126909",
                "reference": "d3763f6adb8643fb35d6697d3980245732126909",
                "shasum": ""
            },
            "require": {
                "php": ">=5.3"
            },
            "type": "library",
            "autoload": {
                "psr-4": {
                    "SugiPHP\\Container\\": ""
                }
            },
            "notification-url": "https://packagist.org/downloads/",
            "license": [
                "MIT"
            ],
            "authors": [
                {
                    "name": "Plamen Popov",
                    "email": "tzappa@gmail.com"
                }
            ],
            "description": "SugiPHP Container Component",
            "keywords": [
                "container"
            ],
            "time": "2015-02-04 15:23:11"
        },
        {
            "name": "sugiphp/events",
            "version": "1.0.0",
            "source": {
                "type": "git",
                "url": "https://github.com/SugiPHP/Events.git",
                "reference": "e19e1c4c8a94bfb0b36c250f81bcf934ca1a818c"
            },
            "dist": {
                "type": "zip",
                "url": "https://api.github.com/repos/SugiPHP/Events/zipball/e19e1c4c8a94bfb0b36c250f81bcf934ca1a818c",
                "reference": "e19e1c4c8a94bfb0b36c250f81bcf934ca1a818c",
                "shasum": ""
            },
            "require": {
                "php": ">=5.3"
            },
            "type": "library",
            "autoload": {
                "psr-4": {
                    "SugiPHP\\Events\\": ""
                }
            },
            "notification-url": "https://packagist.org/downloads/",
            "license": [
                "MIT"
            ],
            "authors": [
                {
                    "name": "Plamen Popov",
                    "email": "tzappa@gmail.com"
                }
            ],
            "description": "Observer design pattern-like events system",
            "keywords": [
                "dispatcher",
                "event",
                "observer"
            ],
            "time": "2014-12-16 13:21:04"
        },
        {
            "name": "sugiphp/filter",
            "version": "1.0.0",
            "source": {
                "type": "git",
                "url": "https://github.com/SugiPHP/Filter.git",
                "reference": "1fc455efc5e3405c4186c2c997aee81eeb1eb59c"
            },
            "dist": {
                "type": "zip",
                "url": "https://api.github.com/repos/SugiPHP/Filter/zipball/1fc455efc5e3405c4186c2c997aee81eeb1eb59c",
                "reference": "1fc455efc5e3405c4186c2c997aee81eeb1eb59c",
                "shasum": ""
            },
            "require": {
                "php": ">=5.3"
            },
            "type": "library",
            "autoload": {
                "psr-4": {
                    "SugiPHP\\Filter\\": ""
                }
            },
            "notification-url": "https://packagist.org/downloads/",
            "license": [
                "MIT"
            ],
            "authors": [
                {
                    "name": "Plamen Popov",
                    "email": "tzappa@gmail.com"
                }
            ],
            "description": "Filter helper functions",
            "keywords": [
                "filter"
            ],
            "time": "2014-12-16 14:18:09"
        }
    ],
    "packages-dev": [],
    "aliases": [],
    "minimum-stability": "stable",
    "stability-flags": [],
    "prefer-stable": false,
    "prefer-lowest": false,
    "platform": {
        "php": ">=5.4"
    },
    "platform-dev": []
}
